
Microsoft Visual Studio Solution File, Format Version 12.00
# Visual Studio 15
VisualStudioVersion = 15.0.28307.421
MinimumVisualStudioVersion = 10.0.40219.1
Project("{FAE04EC0-301F-11D3-BF4B-00C04F79EFBC}") = "View", "View\View.csproj", "{81DCCDB2-2D33-4975-B428-0747619F04E6}"
EndProject
Global
	GlobalSection(SolutionConfigurationPlatforms) = preSolution
		Debug|Any CPU = Debug|Any CPU
		Release|Any CPU = Release|Any CPU
	EndGlobalSection
	GlobalSection(ProjectConfigurationPlatforms) = postSolution
		{81DCCDB2-2D33-4975-B428-0747619F04E6}.Debug|Any CPU.ActiveCfg = Debug|Any CPU
		{81DCCDB2-2D33-4975-B428-0747619F04E6}.Debug|Any CPU.Build.0 = Debug|Any CPU
		{81DCCDB2-2D33-4975-B428-0747619F04E6}.Release|Any CPU.ActiveCfg = Release|Any CPU
		{81DCCDB2-2D33-4975-B428-0747619F04E6}.Release|Any CPU.Build.0 = Release|Any CPU
	EndGlobalSection
	GlobalSection(SolutionProperties) = preSolution
		HideSolutionNode = FALSE
	EndGlobalSection
	GlobalSection(ExtensibilityGlobals) = postSolution
		SolutionGuid = {986E8F63-F067-45C6-9189-9F8D31361B5A}
	EndGlobalSection
EndGlobal
